# This file is autogenerated, do not edit; changes may be undone by the next 'dep ensure'.


[[projects]]
  branch = "master"
  name = "github.com/buger/goterm"
  packages = ["."]
  revision = "c206103e1f37c0c6c5c039706305ea2aa6e8ad3b"

[[projects]]
  branch = "master"
  name = "golang.org/x/sys"
  packages = ["unix"]
  revision = "c3b328c6e5a763a2bfc82a48b4bd855037210934"

[solve-meta]
  analyzer-name = "dep"
  analyzer-version = 1
  inputs-digest = "be3c0fb36ed0ed86686d1c7ecf07d36534f53abaedf1781a5b16f30a322b5e94"
  solver-name = "gps-cdcl"
  solver-version = 1
